// !$*UTF8*$!
{
	archiveVersion = 1;
	classes = {
	};
	objectVersion = 50;
	objects = {

/* Begin PBXBuildFile section */
		4E571EE624BA06F300254FF1 /* AppDelegate.swift in Sources */ = {isa = PBXBuildFile; fileRef = 4E571EE524BA06F300254FF1 /* AppDelegate.swift */; };
		4E571EE824BA06F300254FF1 /* SceneDelegate.swift in Sources */ = {isa = PBXBuildFile; fileRef = 4E571EE724BA06F300254FF1 /* SceneDelegate.swift */; };
		4E571EEA24BA06F300254FF1 /* ContentView.swift in Sources */ = {isa = PBXBuildFile; fileRef = 4E571EE924BA06F300254FF1 /* ContentView.swift */; };
		4E571EEC24BA06F500254FF1 /* Assets.xcassets in Resources */ = {isa = PBXBuildFile; fileRef = 4E571EEB24BA06F500254FF1 /* Assets.xcassets */; };
		4E571EEF24BA06F500254FF1 /* Preview Assets.xcassets in Resources */ = {isa = PBXBuildFile; fileRef = 4E571EEE24BA06F500254FF1 /* Preview Assets.xcassets */; };
		4E571EF224BA06F500254FF1 /* LaunchScreen.storyboard in Resources */ = {isa = PBXBuildFile; fileRef = 4E571EF024BA06F500254FF1 /* LaunchScreen.storyboard */; };
		4E571EFA24BA075E00254FF1 /* Utils.swift in Sources */ = {isa = PBXBuildFile; fileRef = 4E571EF924BA075E00254FF1 /* Utils.swift */; };
		4E571EFE24BA157000254FF1 /* PatientModel.swift in Sources */ = {isa = PBXBuildFile; fileRef = 4E571EFD24BA157000254FF1 /* PatientModel.swift */; };
		4E571F0024BA160400254FF1 /* patients.json in Resources */ = {isa = PBXBuildFile; fileRef = 4E571EFF24BA160400254FF1 /* patients.json */; };
		4E571F0224BA270500254FF1 /* CardMenuItem.swift in Sources */ = {isa = PBXBuildFile; fileRef = 4E571F0124BA270500254FF1 /* CardMenuItem.swift */; };
		4E571F0424BA286F00254FF1 /* PatientsList.swift in Sources */ = {isa = PBXBuildFile; fileRef = 4E571F0324BA286F00254FF1 /* PatientsList.swift */; };
		4E571F0824BA2AD000254FF1 /* PatientDetail.swift in Sources */ = {isa = PBXBuildFile; fileRef = 4E571F0724BA2AD000254FF1 /* PatientDetail.swift */; };
		4E571F0A24BB037F00254FF1 /* TopDetailView.swift in Sources */ = {isa = PBXBuildFile; fileRef = 4E571F0924BB037F00254FF1 /* TopDetailView.swift */; };
		4E571F0C24BB11C600254FF1 /* Bar.swift in Sources */ = {isa = PBXBuildFile; fileRef = 4E571F0B24BB11C600254FF1 /* Bar.swift */; };
		4E571F0E24BB1DC200254FF1 /* DetailBloodPressure.swift in Sources */ = {isa = PBXBuildFile; fileRef = 4E571F0D24BB1DC200254FF1 /* DetailBloodPressure.swift */; };
		4E571F1224BB28CB00254FF1 /* DetailBloodOxygen.swift in Sources */ = {isa = PBXBuildFile; fileRef = 4E571F1124BB28CB00254FF1 /* DetailBloodOxygen.swift */; };
		4E571F1424BB2B0500254FF1 /* Extensiones.swift in Sources */ = {isa = PBXBuildFile; fileRef = 4E571F1324BB2B0500254FF1 /* Extensiones.swift */; };
		4E571F1624BB2BE500254FF1 /* DetailHeartRate.swift in Sources */ = {isa = PBXBuildFile; fileRef = 4E571F1524BB2BE500254FF1 /* DetailHeartRate.swift */; };
		4E78EC5D24BB2EEE004E7A0F /* TabBar.swift in Sources */ = {isa = PBXBuildFile; fileRef = 4E78EC5C24BB2EEE004E7A0F /* TabBar.swift */; };
		4E78EC5F24BB2FC2004E7A0F /* Settings.swift in Sources */ = {isa = PBXBuildFile; fileRef = 4E78EC5E24BB2FC2004E7A0F /* Settings.swift */; };
/* End PBXBuildFile section */

/* Begin PBXFileReference section */
		4E571EE224BA06F300254FF1 /* AppSalud.app */ = {isa = PBXFileReference; explicitFileType = wrapper.application; includeInIndex = 0; path = AppSalud.app; sourceTree = BUILT_PRODUCTS_DIR; };
		4E571EE524BA06F300254FF1 /* AppDelegate.swift */ = {isa = PBXFileReference; lastKnownFileType = sourcecode.swift; path = AppDelegate.swift; sourceTree = "<group>"; };
		4E571EE724BA06F300254FF1 /* SceneDelegate.swift */ = {isa = PBXFileReference; lastKnownFileType = sourcecode.swift; path = SceneDelegate.swift; sourceTree = "<group>"; };
		4E571EE924BA06F300254FF1 /* ContentView.swift */ = {isa = PBXFileReference; lastKnownFileType = sourcecode.swift; path = ContentView.swift; sourceTree = "<group>"; };
		4E571EEB24BA06F500254FF1 /* Assets.xcassets */ = {isa = PBXFileReference; lastKnownFileType = folder.assetcatalog; path = Assets.xcassets; sourceTree = "<group>"; };
		4E571EEE24BA06F500254FF1 /* Preview Assets.xcassets */ = {isa = PBXFileReference; lastKnownFileType = folder.assetcatalog; path = "Preview Assets.xcassets"; sourceTree = "<group>"; };
		4E571EF124BA06F500254FF1 /* Base */ = {isa = PBXFileReference; lastKnownFileType = file.storyboard; name = Base; path = Base.lproj/LaunchScreen.storyboard; sourceTree = "<group>"; };
		4E571EF324BA06F500254FF1 /* Info.plist */ = {isa = PBXFileReference; lastKnownFileType = text.plist.xml; path = Info.plist; sourceTree = "<group>"; };
		4E571EF924BA075E00254FF1 /* Utils.swift */ = {isa = PBXFileReference; lastKnownFileType = sourcecode.swift; path = Utils.swift; sourceTree = "<group>"; };
		4E571EFD24BA157000254FF1 /* PatientModel.swift */ = {isa = PBXFileReference; lastKnownFileType = sourcecode.swift; path = PatientModel.swift; sourceTree = "<group>"; };
		4E571EFF24BA160400254FF1 /* patients.json */ = {isa = PBXFileReference; fileEncoding = 4; lastKnownFileType = text.json; path = patients.json; sourceTree = "<group>"; };
		4E571F0124BA270500254FF1 /* CardMenuItem.swift */ = {isa = PBXFileReference; lastKnownFileType = sourcecode.swift; path = CardMenuItem.swift; sourceTree = "<group>"; };
		4E571F0324BA286F00254FF1 /* PatientsList.swift */ = {isa = PBXFileReference; lastKnownFileType = sourcecode.swift; path = PatientsList.swift; sourceTree = "<group>"; };
		4E571F0724BA2AD000254FF1 /* PatientDetail.swift */ = {isa = PBXFileReference; lastKnownFileType = sourcecode.swift; path = PatientDetail.swift; sourceTree = "<group>"; };
		4E571F0924BB037F00254FF1 /* TopDetailView.swift */ = {isa = PBXFileReference; lastKnownFileType = sourcecode.swift; path = TopDetailView.swift; sourceTree = "<group>"; };
		4E571F0B24BB11C600254FF1 /* Bar.swift */ = {isa = PBXFileReference; lastKnownFileType = sourcecode.swift; path = Bar.swift; sourceTree = "<group>"; };
		4E571F0D24BB1DC200254FF1 /* DetailBloodPressure.swift */ = {isa = PBXFileReference; lastKnownFileType = sourcecode.swift; path = DetailBloodPressure.swift; sourceTree = "<group>"; };
		4E571F1124BB28CB00254FF1 /* DetailBloodOxygen.swift */ = {isa = PBXFileReference; lastKnownFileType = sourcecode.swift; path = DetailBloodOxygen.swift; sourceTree = "<group>"; };
		4E571F1324BB2B0500254FF1 /* Extensiones.swift */ = {isa = PBXFileReference; lastKnownFileType = sourcecode.swift; path = Extensiones.swift; sourceTree = "<group>"; };
		4E571F1524BB2BE500254FF1 /* DetailHeartRate.swift */ = {isa = PBXFileReference; lastKnownFileType = sourcecode.swift; path = DetailHeartRate.swift; sourceTree = "<group>"; };
		4E78EC5C24BB2EEE004E7A0F /* TabBar.swift */ = {isa = PBXFileReference; lastKnownFileType = sourcecode.swift; path = TabBar.swift; sourceTree = "<group>"; };
		4E78EC5E24BB2FC2004E7A0F /* Settings.swift */ = {isa = PBXFileReference; lastKnownFileType = sourcecode.swift; path = Settings.swift; sourceTree = "<group>"; };
/* End PBXFileReference section */

/* Begin PBXFrameworksBuildPhase section */
		4E571EDF24BA06F300254FF1 /* Frameworks */ = {
			isa = PBXFrameworksBuildPhase;
			buildActionMask = 2147483647;
			files = (
			);
			runOnlyForDeploymentPostprocessing = 0;
		};
/* End PBXFrameworksBuildPhase section */

/* Begin PBXGroup section */
		4E571ED924BA06F300254FF1 = {
			isa = PBXGroup;
			children = (
				4E571EE424BA06F300254FF1 /* AppSalud */,
				4E571EE324BA06F300254FF1 /* Products */,
			);
			sourceTree = "<group>";
		};
		4E571EE324BA06F300254FF1 /* Products */ = {
			isa = PBXGroup;
			children = (
				4E571EE224BA06F300254FF1 /* AppSalud.app */,
			);
			name = Products;
			sourceTree = "<group>";
		};
		4E571EE424BA06F300254FF1 /* AppSalud */ = {
			isa = PBXGroup;
			children = (
				4E571EE524BA06F300254FF1 /* AppDelegate.swift */,
				4E571EE724BA06F300254FF1 /* SceneDelegate.swift */,
				4E571EF924BA075E00254FF1 /* Utils.swift */,
				4E571EFD24BA157000254FF1 /* PatientModel.swift */,
				4E571EE924BA06F300254FF1 /* ContentView.swift */,
				4E571F0724BA2AD000254FF1 /* PatientDetail.swift */,
				4E571F0D24BB1DC200254FF1 /* DetailBloodPressure.swift */,
				4E571F1124BB28CB00254FF1 /* DetailBloodOxygen.swift */,
				4E571F1524BB2BE500254FF1 /* DetailHeartRate.swift */,
				4E78EC5C24BB2EEE004E7A0F /* TabBar.swift */,
				4E78EC5E24BB2FC2004E7A0F /* Settings.swift */,
				4E571F1324BB2B0500254FF1 /* Extensiones.swift */,
				4E571F0B24BB11C600254FF1 /* Bar.swift */,
				4E571F0924BB037F00254FF1 /* TopDetailView.swift */,
				4E571F0324BA286F00254FF1 /* PatientsList.swift */,
				4E571F0124BA270500254FF1 /* CardMenuItem.swift */,
				4E571EEB24BA06F500254FF1 /* Assets.xcassets */,
				4E571EFF24BA160400254FF1 /* patients.json */,
				4E571EF024BA06F500254FF1 /* LaunchScreen.storyboard */,
				4E571EF324BA06F500254FF1 /* Info.plist */,
				4E571EED24BA06F500254FF1 /* Preview Content */,
			);
			path = AppSalud;
			sourceTree = "<group>";
		};
		4E571EED24BA06F500254FF1 /* Preview Content */ = {
			isa = PBXGroup;
			children = (
				4E571EEE24BA06F500254FF1 /* Preview Assets.xcassets */,
			);
			path = "Preview Content";
			sourceTree = "<group>";
		};
/* End PBXGroup section */

/* Begin PBXNativeTarget section */
		4E571EE124BA06F300254FF1 /* AppSalud */ = {
			isa = PBXNativeTarget;
			buildConfigurationList = 4E571EF624BA06F500254FF1 /* Build configuration list for PBXNativeTarget "AppSalud" */;
			buildPhases = (
				4E571EDE24BA06F300254FF1 /* Sources */,
				4E571EDF24BA06F300254FF1 /* Frameworks */,
				4E571EE024BA06F300254FF1 /* Resources */,
			);
			buildRules = (
			);
			dependencies = (
			);
			name = AppSalud;
			productName = AppSalud;
			productReference = 4E571EE224BA06F300254FF1 /* AppSalud.app */;
			productType = "com.apple.product-type.application";
		};
/* End PBXNativeTarget section */

/* Begin PBXProject section */
		4E571EDA24BA06F300254FF1 /* Project object */ = {
			isa = PBXProject;
			attributes = {
				LastSwiftUpdateCheck = 1150;
				LastUpgradeCheck = 1150;
				ORGANIZATIONNAME = "Xavier Camps Novi";
				TargetAttributes = {
					4E571EE124BA06F300254FF1 = {
						CreatedOnToolsVersion = 11.5;
					};
				};
			};
			buildConfigurationList = 4E571EDD24BA06F300254FF1 /* Build configuration list for PBXProject "AppSalud" */;
			compatibilityVersion = "Xcode 9.3";
			developmentRegion = en;
			hasScannedForEncodings = 0;
			knownRegions = (
				en,
				Base,
			);
			mainGroup = 4E571ED924BA06F300254FF1;
			productRefGroup = 4E571EE324BA06F300254FF1 /* Products */;
			projectDirPath = "";
			projectRoot = "";
			targets = (
				4E571EE124BA06F300254FF1 /* AppSalud */,
			);
		};
/* End PBXProject section */

/* Begin PBXResourcesBuildPhase section */
		4E571EE024BA06F300254FF1 /* Resources */ = {
			isa = PBXResourcesBuildPhase;
			buildActionMask = 2147483647;
			files = (
				4E571EF224BA06F500254FF1 /* LaunchScreen.storyboard in Resources */,
				4E571F0024BA160400254FF1 /* patients.json in Resources */,
				4E571EEF24BA06F500254FF1 /* Preview Assets.xcassets in Resources */,
				4E571EEC24BA06F500254FF1 /* Assets.xcassets in Resources */,
			);
			runOnlyForDeploymentPostprocessing = 0;
		};
/* End PBXResourcesBuildPhase section */

/* Begin PBXSourcesBuildPhase section */
		4E571EDE24BA06F300254FF1 /* Sources */ = {
			isa = PBXSourcesBuildPhase;
			buildActionMask = 2147483647;
			files = (
				4E571F0A24BB037F00254FF1 /* TopDetailView.swift in Sources */,
				4E571F1424BB2B0500254FF1 /* Extensiones.swift in Sources */,
				4E571EE624BA06F300254FF1 /* AppDelegate.swift in Sources */,
				4E571F0224BA270500254FF1 /* CardMenuItem.swift in Sources */,
				4E571EE824BA06F300254FF1 /* SceneDelegate.swift in Sources */,
				4E571EEA24BA06F300254FF1 /* ContentView.swift in Sources */,
				4E571F0E24BB1DC200254FF1 /* DetailBloodPressure.swift in Sources */,
				4E571F0C24BB11C600254FF1 /* Bar.swift in Sources */,
				4E571EFA24BA075E00254FF1 /* Utils.swift in Sources */,
				4E78EC5D24BB2EEE004E7A0F /* TabBar.swift in Sources */,
				4E78EC5F24BB2FC2004E7A0F /* Settings.swift in Sources */,
				4E571F0424BA286F00254FF1 /* PatientsList.swift in Sources */,
				4E571F0824BA2AD000254FF1 /* PatientDetail.swift in Sources */,
				4E571F1624BB2BE500254FF1 /* DetailHeartRate.swift in Sources */,
				4E571EFE24BA157000254FF1 /* PatientModel.swift in Sources */,
				4E571F1224BB28CB00254FF1 /* DetailBloodOxygen.swift in Sources */,
			);
			runOnlyForDeploymentPostprocessing = 0;
		};
/* End PBXSourcesBuildPhase section */

/* Begin PBXVariantGroup section */
		4E571EF024BA06F500254FF1 /* LaunchScreen.storyboard */ = {
			isa = PBXVariantGroup;
			children = (
				4E571EF124BA06F500254FF1 /* Base */,
			);
			name = LaunchScreen.storyboard;
			sourceTree = "<group>";
		};
/* End PBXVariantGroup section */

/* Begin XCBuildConfiguration section */
		4E571EF424BA06F500254FF1 /* Debug */ = {
			isa = XCBuildConfiguration;
			buildSettings = {
				ALWAYS_SEARCH_USER_PATHS = NO;
				CLANG_ANALYZER_NONNULL = YES;
				CLANG_ANALYZER_NUMBER_OBJECT_CONVERSION = YES_AGGRESSIVE;
				CLANG_CXX_LANGUAGE_STANDARD = "gnu++14";
				CLANG_CXX_LIBRARY = "libc++";
				CLANG_ENABLE_MODULES = YES;
				CLANG_ENABLE_OBJC_ARC = YES;
				CLANG_ENABLE_OBJC_WEAK = YES;
				CLANG_WARN_BLOCK_CAPTURE_AUTORELEASING = YES;
				CLANG_WARN_BOOL_CONVERSION = YES;
				CLANG_WARN_COMMA = YES;
				CLANG_WARN_CONSTANT_CONVERSION = YES;
				CLANG_WARN_DEPRECATED_OBJC_IMPLEMENTATIONS = YES;
				CLANG_WARN_DIRECT_OBJC_ISA_USAGE = YES_ERROR;
				CLANG_WARN_DOCUMENTATION_COMMENTS = YES;
				CLANG_WARN_EMPTY_BODY = YES;
				CLANG_WARN_ENUM_CONVERSION = YES;
				CLANG_WARN_INFINITE_RECURSION = YES;
				CLANG_WARN_INT_CONVERSION = YES;
				CLANG_WARN_NON_LITERAL_NULL_CONVERSION = YES;
				CLANG_WARN_OBJC_IMPLICIT_RETAIN_SELF = YES;
				CLANG_WARN_OBJC_LITERAL_CONVERSION = YES;
				CLANG_WARN_OBJC_ROOT_CLASS = YES_ERROR;
				CLANG_WARN_RANGE_LOOP_ANALYSIS = YES;
				CLANG_WARN_STRICT_PROTOTYPES = YES;
				CLANG_WARN_SUSPICIOUS_MOVE = YES;
				CLANG_WARN_UNGUARDED_AVAILABILITY = YES_AGGRESSIVE;
				CLANG_WARN_UNREACHABLE_CODE = YES;
				CLANG_WARN__DUPLICATE_METHOD_MATCH = YES;
				COPY_PHASE_STRIP = NO;
				DEBUG_INFORMATION_FORMAT = dwarf;
				ENABLE_STRICT_OBJC_MSGSEND = YES;
				ENABLE_TESTABILITY = YES;
				GCC_C_LANGUAGE_STANDARD = gnu11;
				GCC_DYNAMIC_NO_PIC = NO;
				GCC_NO_COMMON_BLOCKS = YES;
				GCC_OPTIMIZATION_LEVEL = 0;
				GCC_PREPROCESSOR_DEFINITIONS = (
					"DEBUG=1",
					"$(inherited)",
				);
				GCC_WARN_64_TO_32_BIT_CONVERSION = YES;
				GCC_WARN_ABOUT_RETURN_TYPE = YES_ERROR;
				GCC_WARN_UNDECLARED_SELECTOR = YES;
				GCC_WARN_UNINITIALIZED_AUTOS = YES_AGGRESSIVE;
				GCC_WARN_UNUSED_FUNCTION = YES;
				GCC_WARN_UNUSED_VARIABLE = YES;
				IPHONEOS_DEPLOYMENT_TARGET = 13.5;
				MTL_ENABLE_DEBUG_INFO = INCLUDE_SOURCE;
				MTL_FAST_MATH = YES;
				ONLY_ACTIVE_ARCH = YES;
				SDKROOT = iphoneos;
				SWIFT_ACTIVE_COMPILATION_CONDITIONS = DEBUG;
				SWIFT_OPTIMIZATION_LEVEL = "-Onone";
			};
			name = Debug;
		};
		4E571EF524BA06F500254FF1 /* Release */ = {
			isa = XCBuildConfiguration;
			buildSettings = {
				ALWAYS_SEARCH_USER_PATHS = NO;
				CLANG_ANALYZER_NONNULL = YES;
				CLANG_ANALYZER_NUMBER_OBJECT_CONVERSION = YES_AGGRESSIVE;
				CLANG_CXX_LANGUAGE_STANDARD = "gnu++14";
				CLANG_CXX_LIBRARY = "libc++";
				CLANG_ENABLE_MODULES = YES;
				CLANG_ENABLE_OBJC_ARC = YES;
				CLANG_ENABLE_OBJC_WEAK = YES;
				CLANG_WARN_BLOCK_CAPTURE_AUTORELEASING = YES;
				CLANG_WARN_BOOL_CONVERSION = YES;
				CLANG_WARN_COMMA = YES;
				CLANG_WARN_CONSTANT_CONVERSION = YES;
				CLANG_WARN_DEPRECATED_OBJC_IMPLEMENTATIONS = YES;
				CLANG_WARN_DIRECT_OBJC_ISA_USAGE = YES_ERROR;
				CLANG_WARN_DOCUMENTATION_COMMENTS = YES;
				CLANG_WARN_EMPTY_BODY = YES;
				CLANG_WARN_ENUM_CONVERSION = YES;
				CLANG_WARN_INFINITE_RECURSION = YES;
				CLANG_WARN_INT_CONVERSION = YES;
				CLANG_WARN_NON_LITERAL_NULL_CONVERSION = YES;
				CLANG_WARN_OBJC_IMPLICIT_RETAIN_SELF = YES;
				CLANG_WARN_OBJC_LITERAL_CONVERSION = YES;
				CLANG_WARN_OBJC_ROOT_CLASS = YES_ERROR;
				CLANG_WARN_RANGE_LOOP_ANALYSIS = YES;
				CLANG_WARN_STRICT_PROTOTYPES = YES;
				CLANG_WARN_SUSPICIOUS_MOVE = YES;
				CLANG_WARN_UNGUARDED_AVAILABILITY = YES_AGGRESSIVE;
				CLANG_WARN_UNREACHABLE_CODE = YES;
				CLANG_WARN__DUPLICATE_METHOD_MATCH = YES;
				COPY_PHASE_STRIP = NO;
				DEBUG_INFORMATION_FORMAT = "dwarf-with-dsym";
				ENABLE_NS_ASSERTIONS = NO;
				ENABLE_STRICT_OBJC_MSGSEND = YES;
				GCC_C_LANGUAGE_STANDARD = gnu11;
				GCC_NO_COMMON_BLOCKS = YES;
				GCC_WARN_64_TO_32_BIT_CONVERSION = YES;
				GCC_WARN_ABOUT_RETURN_TYPE = YES_ERROR;
				GCC_WARN_UNDECLARED_SELECTOR = YES;
				GCC_WARN_UNINITIALIZED_AUTOS = YES_AGGRESSIVE;
				GCC_WARN_UNUSED_FUNCTION = YES;
				GCC_WARN_UNUSED_VARIABLE = YES;
				IPHONEOS_DEPLOYMENT_TARGET = 13.5;
				MTL_ENABLE_DEBUG_INFO = NO;
				MTL_FAST_MATH = YES;
				SDKROOT = iphoneos;
				SWIFT_COMPILATION_MODE = wholemodule;
				SWIFT_OPTIMIZATION_LEVEL = "-O";
				VALIDATE_PRODUCT = YES;
			};
			name = Release;
		};
		4E571EF724BA06F500254FF1 /* Debug */ = {
			isa = XCBuildConfiguration;
			buildSettings = {
				ASSETCATALOG_COMPILER_APPICON_NAME = AppIcon;
				CODE_SIGN_STYLE = Automatic;
				DEVELOPMENT_ASSET_PATHS = "\"AppSalud/Preview Content\"";
				DEVELOPMENT_TEAM = 8BF67BR563;
				ENABLE_PREVIEWS = YES;
				INFOPLIST_FILE = AppSalud/Info.plist;
				LD_RUNPATH_SEARCH_PATHS = (
					"$(inherited)",
					"@executable_path/Frameworks",
				);
				PRODUCT_BUNDLE_IDENTIFIER = com.xaviercampsnovi.AppSalud;
				PRODUCT_NAME = "$(TARGET_NAME)";
				SWIFT_VERSION = 5.0;
				TARGETED_DEVICE_FAMILY = "1,2";
			};
			name = Debug;
		};
		4E571EF824BA06F500254FF1 /* Release */ = {
			isa = XCBuildConfiguration;
			buildSettings = {
				ASSETCATALOG_COMPILER_APPICON_NAME = AppIcon;
				CODE_SIGN_STYLE = Automatic;
				DEVELOPMENT_ASSET_PATHS = "\"AppSalud/Preview Content\"";
				DEVELOPMENT_TEAM = 8BF67BR563;
				ENABLE_PREVIEWS = YES;
				INFOPLIST_FILE = AppSalud/Info.plist;
				LD_RUNPATH_SEARCH_PATHS = (
					"$(inherited)",
					"@executable_path/Frameworks",
				);
				PRODUCT_BUNDLE_IDENTIFIER = com.xaviercampsnovi.AppSalud;
				PRODUCT_NAME = "$(TARGET_NAME)";
				SWIFT_VERSION = 5.0;
				TARGETED_DEVICE_FAMILY = "1,2";
			};
			name = Release;
		};
/* End XCBuildConfiguration section */

/* Begin XCConfigurationList section */
		4E571EDD24BA06F300254FF1 /* Build configuration list for PBXProject "AppSalud" */ = {
			isa = XCConfigurationList;
			buildConfigurations = (
				4E571EF424BA06F500254FF1 /* Debug */,
				4E571EF524BA06F500254FF1 /* Release */,
			);
			defaultConfigurationIsVisible = 0;
			defaultConfigurationName = Release;
		};
		4E571EF624BA06F500254FF1 /* Build configuration list for PBXNativeTarget "AppSalud" */ = {
			isa = XCConfigurationList;
			buildConfigurations = (
				4E571EF724BA06F500254FF1 /* Debug */,
				4E571EF824BA06F500254FF1 /* Release */,
			);
			defaultConfigurationIsVisible = 0;
			defaultConfigurationName = Release;
		};
/* End XCConfigurationList section */
	};
	rootObject = 4E571EDA24BA06F300254FF1 /* Project object */;
}
